
Microsoft Visual Studio Solution File, Format Version 12.00
# Visual Studio Version 17
VisualStudioVersion = 17.9.34616.47
MinimumVisualStudioVersion = 10.0.40219.1
Project("{FAE04EC0-301F-11D3-BF4B-00C04F79EFBC}") = "Not_Kayit_Sistemi", "Not_Kayit_Sistemi\Not_Kayit_Sistemi.csproj", "{5D9B7EAB-251F-44CE-94A4-2979237463C3}"
EndProject
Global
	GlobalSection(SolutionConfigurationPlatforms) = preSolution
		Debug|Any CPU = Debug|Any CPU
		Release|Any CPU = Release|Any CPU
	EndGlobalSection
	GlobalSection(ProjectConfigurationPlatforms) = postSolution
		{5D9B7EAB-251F-44CE-94A4-2979237463C3}.Debug|Any CPU.ActiveCfg = Debug|Any CPU
		{5D9B7EAB-251F-44CE-94A4-2979237463C3}.Debug|Any CPU.Build.0 = Debug|Any CPU
		{5D9B7EAB-251F-44CE-94A4-2979237463C3}.Release|Any CPU.ActiveCfg = Release|Any CPU
		{5D9B7EAB-251F-44CE-94A4-2979237463C3}.Release|Any CPU.Build.0 = Release|Any CPU
	EndGlobalSection
	GlobalSection(SolutionProperties) = preSolution
		HideSolutionNode = FALSE
	EndGlobalSection
	GlobalSection(ExtensibilityGlobals) = postSolution
		SolutionGuid = {FB8C05F5-C4F1-4968-A168-1EE0A804F2A5}
	EndGlobalSection
EndGlobal
